
Microsoft Visual Studio Solution File, Format Version 12.00
# Visual Studio Version 17
VisualStudioVersion = 17.9.34616.47
MinimumVisualStudioVersion = 10.0.40219.1
Project("{FAE04EC0-301F-11D3-BF4B-00C04F79EFBC}") = "Studient_Client", "Studient_Client\Studient_Client.csproj", "{96FDF18B-27B2-472A-A48B-A0F607C9F25D}"
EndProject
Global
	GlobalSection(SolutionConfigurationPlatforms) = preSolution
		Debug|Any CPU = Debug|Any CPU
		Release|Any CPU = Release|Any CPU
	EndGlobalSection
	GlobalSection(ProjectConfigurationPlatforms) = postSolution
		{96FDF18B-27B2-472A-A48B-A0F607C9F25D}.Debug|Any CPU.ActiveCfg = Debug|Any CPU
		{96FDF18B-27B2-472A-A48B-A0F607C9F25D}.Debug|Any CPU.Build.0 = Debug|Any CPU
		{96FDF18B-27B2-472A-A48B-A0F607C9F25D}.Release|Any CPU.ActiveCfg = Release|Any CPU
		{96FDF18B-27B2-472A-A48B-A0F607C9F25D}.Release|Any CPU.Build.0 = Release|Any CPU
	EndGlobalSection
	GlobalSection(SolutionProperties) = preSolution
		HideSolutionNode = FALSE
	EndGlobalSection
	GlobalSection(ExtensibilityGlobals) = postSolution
		SolutionGuid = {B43680E4-DA59-4261-A1F5-071AF7C98DF6}
	EndGlobalSection
EndGlobal
